
Microsoft Visual Studio Solution File, Format Version 12.00
# Visual Studio Version 16
VisualStudioVersion = 16.0.29009.5
MinimumVisualStudioVersion = 10.0.40219.1
Project("{FAE04EC0-301F-11D3-BF4B-00C04F79EFBC}") = "RedCorners.ContactsDemo.Android", "RedCorners.ContactsDemo.Android\RedCorners.ContactsDemo.Android.csproj", "{BF45DFF4-7C50-4282-8917-5A999338A215}"
EndProject
Project("{FAE04EC0-301F-11D3-BF4B-00C04F79EFBC}") = "RedCorners.ContactsDemo.iOS", "RedCorners.ContactsDemo.iOS\RedCorners.ContactsDemo.iOS.csproj", "{6127A8D0-8599-4257-9A0F-9AD7E8BF09DB}"
EndProject
Project("{FAE04EC0-301F-11D3-BF4B-00C04F79EFBC}") = "RedCorners.ContactsDemo", "RedCorners.ContactsDemo\RedCorners.ContactsDemo.csproj", "{5C9DBA58-6A3A-43CC-ACBF-29610F5380A1}"
EndProject
Global
	GlobalSection(SolutionConfigurationPlatforms) = preSolution
		Debug|Any CPU = Debug|Any CPU
		Debug|iPhone = Debug|iPhone
		Debug|iPhoneSimulator = Debug|iPhoneSimulator
		Release|Any CPU = Release|Any CPU
		Release|iPhone = Release|iPhone
		Release|iPhoneSimulator = Release|iPhoneSimulator
	EndGlobalSection
	GlobalSection(ProjectConfigurationPlatforms) = postSolution
		{BF45DFF4-7C50-4282-8917-5A999338A215}.Debug|Any CPU.ActiveCfg = Debug|Any CPU
		{BF45DFF4-7C50-4282-8917-5A999338A215}.Debug|Any CPU.Build.0 = Debug|Any CPU
		{BF45DFF4-7C50-4282-8917-5A999338A215}.Debug|Any CPU.Deploy.0 = Debug|Any CPU
		{BF45DFF4-7C50-4282-8917-5A999338A215}.Debug|iPhone.ActiveCfg = Debug|Any CPU
		{BF45DFF4-7C50-4282-8917-5A999338A215}.Debug|iPhone.Build.0 = Debug|Any CPU
		{BF45DFF4-7C50-4282-8917-5A999338A215}.Debug|iPhone.Deploy.0 = Debug|Any CPU
		{BF45DFF4-7C50-4282-8917-5A999338A215}.Debug|iPhoneSimulator.ActiveCfg = Debug|Any CPU
		{BF45DFF4-7C50-4282-8917-5A999338A215}.Debug|iPhoneSimulator.Build.0 = Debug|Any CPU
		{BF45DFF4-7C50-4282-8917-5A999338A215}.Debug|iPhoneSimulator.Deploy.0 = Debug|Any CPU
		{BF45DFF4-7C50-4282-8917-5A999338A215}.Release|Any CPU.ActiveCfg = Release|Any CPU
		{BF45DFF4-7C50-4282-8917-5A999338A215}.Release|Any CPU.Build.0 = Release|Any CPU
		{BF45DFF4-7C50-4282-8917-5A999338A215}.Release|Any CPU.Deploy.0 = Release|Any CPU
		{BF45DFF4-7C50-4282-8917-5A999338A215}.Release|iPhone.ActiveCfg = Release|Any CPU
		{BF45DFF4-7C50-4282-8917-5A999338A215}.Release|iPhone.Build.0 = Release|Any CPU
		{BF45DFF4-7C50-4282-8917-5A999338A215}.Release|iPhone.Deploy.0 = Release|Any CPU
		{BF45DFF4-7C50-4282-8917-5A999338A215}.Release|iPhoneSimulator.ActiveCfg = Release|Any CPU
		{BF45DFF4-7C50-4282-8917-5A999338A215}.Release|iPhoneSimulator.Build.0 = Release|Any CPU
		{BF45DFF4-7C50-4282-8917-5A999338A215}.Release|iPhoneSimulator.Deploy.0 = Release|Any CPU
		{6127A8D0-8599-4257-9A0F-9AD7E8BF09DB}.Debug|Any CPU.ActiveCfg = Debug|iPhoneSimulator
		{6127A8D0-8599-4257-9A0F-9AD7E8BF09DB}.Debug|Any CPU.Build.0 = Debug|iPhoneSimulator
		{6127A8D0-8599-4257-9A0F-9AD7E8BF09DB}.Debug|Any CPU.Deploy.0 = Debug|iPhoneSimulator
		{6127A8D0-8599-4257-9A0F-9AD7E8BF09DB}.Debug|iPhone.ActiveCfg = Debug|iPhone
		{6127A8D0-8599-4257-9A0F-9AD7E8BF09DB}.Debug|iPhone.Build.0 = Debug|iPhone
		{6127A8D0-8599-4257-9A0F-9AD7E8BF09DB}.Debug|iPhone.Deploy.0 = Debug|iPhone
		{6127A8D0-8599-4257-9A0F-9AD7E8BF09DB}.Debug|iPhoneSimulator.ActiveCfg = Debug|iPhoneSimulator
		{6127A8D0-8599-4257-9A0F-9AD7E8BF09DB}.Debug|iPhoneSimulator.Build.0 = Debug|iPhoneSimulator
		{6127A8D0-8599-4257-9A0F-9AD7E8BF09DB}.Debug|iPhoneSimulator.Deploy.0 = Debug|iPhoneSimulator
		{6127A8D0-8599-4257-9A0F-9AD7E8BF09DB}.Release|Any CPU.ActiveCfg = Release|iPhone
		{6127A8D0-8599-4257-9A0F-9AD7E8BF09DB}.Release|Any CPU.Build.0 = Release|iPhone
		{6127A8D0-8599-4257-9A0F-9AD7E8BF09DB}.Release|Any CPU.Deploy.0 = Release|iPhone
		{6127A8D0-8599-4257-9A0F-9AD7E8BF09DB}.Release|iPhone.ActiveCfg = Release|iPhone
		{6127A8D0-8599-4257-9A0F-9AD7E8BF09DB}.Release|iPhone.Build.0 = Release|iPhone
		{6127A8D0-8599-4257-9A0F-9AD7E8BF09DB}.Release|iPhone.Deploy.0 = Release|iPhone
		{6127A8D0-8599-4257-9A0F-9AD7E8BF09DB}.Release|iPhoneSimulator.ActiveCfg = Release|iPhoneSimulator
		{6127A8D0-8599-4257-9A0F-9AD7E8BF09DB}.Release|iPhoneSimulator.Build.0 = Release|iPhoneSimulator
		{6127A8D0-8599-4257-9A0F-9AD7E8BF09DB}.Release|iPhoneSimulator.Deploy.0 = Release|iPhoneSimulator
		{5C9DBA58-6A3A-43CC-ACBF-29610F5380A1}.Debug|Any CPU.ActiveCfg = Debug|Any CPU
		{5C9DBA58-6A3A-43CC-ACBF-29610F5380A1}.Debug|Any CPU.Build.0 = Debug|Any CPU
		{5C9DBA58-6A3A-43CC-ACBF-29610F5380A1}.Debug|Any CPU.Deploy.0 = Debug|Any CPU
		{5C9DBA58-6A3A-43CC-ACBF-29610F5380A1}.Debug|iPhone.ActiveCfg = Debug|Any CPU
		{5C9DBA58-6A3A-43CC-ACBF-29610F5380A1}.Debug|iPhone.Build.0 = Debug|Any CPU
		{5C9DBA58-6A3A-43CC-ACBF-29610F5380A1}.Debug|iPhone.Deploy.0 = Debug|Any CPU
		{5C9DBA58-6A3A-43CC-ACBF-29610F5380A1}.Debug|iPhoneSimulator.ActiveCfg = Debug|Any CPU
		{5C9DBA58-6A3A-43CC-ACBF-29610F5380A1}.Debug|iPhoneSimulator.Build.0 = Debug|Any CPU
		{5C9DBA58-6A3A-43CC-ACBF-29610F5380A1}.Debug|iPhoneSimulator.Deploy.0 = Debug|Any CPU
		{5C9DBA58-6A3A-43CC-ACBF-29610F5380A1}.Release|Any CPU.ActiveCfg = Release|Any CPU
		{5C9DBA58-6A3A-43CC-ACBF-29610F5380A1}.Release|Any CPU.Build.0 = Release|Any CPU
		{5C9DBA58-6A3A-43CC-ACBF-29610F5380A1}.Release|Any CPU.Deploy.0 = Release|Any CPU
		{5C9DBA58-6A3A-43CC-ACBF-29610F5380A1}.Release|iPhone.ActiveCfg = Release|Any CPU
		{5C9DBA58-6A3A-43CC-ACBF-29610F5380A1}.Release|iPhone.Build.0 = Release|Any CPU
		{5C9DBA58-6A3A-43CC-ACBF-29610F5380A1}.Release|iPhone.Deploy.0 = Release|Any CPU
		{5C9DBA58-6A3A-43CC-ACBF-29610F5380A1}.Release|iPhoneSimulator.ActiveCfg = Release|Any CPU
		{5C9DBA58-6A3A-43CC-ACBF-29610F5380A1}.Release|iPhoneSimulator.Build.0 = Release|Any CPU
		{5C9DBA58-6A3A-43CC-ACBF-29610F5380A1}.Release|iPhoneSimulator.Deploy.0 = Release|Any CPU
	EndGlobalSection
	GlobalSection(SolutionProperties) = preSolution
		HideSolutionNode = FALSE
	EndGlobalSection
	GlobalSection(ExtensibilityGlobals) = postSolution
		SolutionGuid = {8BD0376B-6C1E-4941-AA2D-8733E8FDEACE}
	EndGlobalSection
EndGlobal
